
Microsoft Visual Studio Solution File, Format Version 12.00
# Visual Studio Version 17
VisualStudioVersion = 17.6.33712.159
MinimumVisualStudioVersion = 10.0.40219.1
Project("{9A19103F-16F7-4668-BE54-9A1E7A4F7556}") = "PracticePortfolio", "PracticePortfolio\PracticePortfolio.csproj", "{0AA2E783-1DEF-4FE3-B32E-EB530026C21B}"
EndProject
Project("{FAE04EC0-301F-11D3-BF4B-00C04F79EFBC}") = "PracticePortfolioTests", "PracticePortfolioTests\PracticePortfolioTests.csproj", "{42B3562D-69B3-41BF-B21A-B0A86F18FA49}"
	ProjectSection(ProjectDependencies) = postProject
		{0AA2E783-1DEF-4FE3-B32E-EB530026C21B} = {0AA2E783-1DEF-4FE3-B32E-EB530026C21B}
	EndProjectSection
EndProject
Global
	GlobalSection(SolutionConfigurationPlatforms) = preSolution
		Debug|Any CPU = Debug|Any CPU
		Release|Any CPU = Release|Any CPU
	EndGlobalSection
	GlobalSection(ProjectConfigurationPlatforms) = postSolution
		{0AA2E783-1DEF-4FE3-B32E-EB530026C21B}.Debug|Any CPU.ActiveCfg = Debug|Any CPU
		{0AA2E783-1DEF-4FE3-B32E-EB530026C21B}.Debug|Any CPU.Build.0 = Debug|Any CPU
		{0AA2E783-1DEF-4FE3-B32E-EB530026C21B}.Release|Any CPU.ActiveCfg = Release|Any CPU
		{0AA2E783-1DEF-4FE3-B32E-EB530026C21B}.Release|Any CPU.Build.0 = Release|Any CPU
		{42B3562D-69B3-41BF-B21A-B0A86F18FA49}.Debug|Any CPU.ActiveCfg = Debug|Any CPU
		{42B3562D-69B3-41BF-B21A-B0A86F18FA49}.Debug|Any CPU.Build.0 = Debug|Any CPU
		{42B3562D-69B3-41BF-B21A-B0A86F18FA49}.Release|Any CPU.ActiveCfg = Release|Any CPU
		{42B3562D-69B3-41BF-B21A-B0A86F18FA49}.Release|Any CPU.Build.0 = Release|Any CPU
	EndGlobalSection
	GlobalSection(SolutionProperties) = preSolution
		HideSolutionNode = FALSE
	EndGlobalSection
	GlobalSection(ExtensibilityGlobals) = postSolution
		SolutionGuid = {3ABBC972-F77B-4023-BD2F-CAD1322EC4A5}
	EndGlobalSection
EndGlobal
